
Microsoft Visual Studio Solution File, Format Version 12.00
# Visual Studio 2013
VisualStudioVersion = 12.0.31101.0
MinimumVisualStudioVersion = 10.0.40219.1
Project("{FAE04EC0-301F-11D3-BF4B-00C04F79EFBC}") = "SnaFoo", "SnaFoo\SnaFoo.csproj", "{2925FC5C-A448-4F77-9AC0-BF9786D195C5}"
EndProject
Project("{FAE04EC0-301F-11D3-BF4B-00C04F79EFBC}") = "SnaFoo.Tests", "SnaFoo.Tests\SnaFoo.Tests.csproj", "{D131D1AA-09A6-4CCA-ADBB-BDDEBFA6439E}"
EndProject
Project("{2150E333-8FDC-42A3-9474-1A3956D46DE8}") = "Solution Items", "Solution Items", "{4DDB9109-897E-4983-BBE4-7FE2CFDDE822}"
	ProjectSection(SolutionItems) = preProject
		Readme.md = Readme.md
	EndProjectSection
EndProject
Global
	GlobalSection(SolutionConfigurationPlatforms) = preSolution
		Debug|Any CPU = Debug|Any CPU
		Release|Any CPU = Release|Any CPU
	EndGlobalSection
	GlobalSection(ProjectConfigurationPlatforms) = postSolution
		{2925FC5C-A448-4F77-9AC0-BF9786D195C5}.Debug|Any CPU.ActiveCfg = Debug|Any CPU
		{2925FC5C-A448-4F77-9AC0-BF9786D195C5}.Debug|Any CPU.Build.0 = Debug|Any CPU
		{2925FC5C-A448-4F77-9AC0-BF9786D195C5}.Release|Any CPU.ActiveCfg = Release|Any CPU
		{2925FC5C-A448-4F77-9AC0-BF9786D195C5}.Release|Any CPU.Build.0 = Release|Any CPU
		{D131D1AA-09A6-4CCA-ADBB-BDDEBFA6439E}.Debug|Any CPU.ActiveCfg = Debug|Any CPU
		{D131D1AA-09A6-4CCA-ADBB-BDDEBFA6439E}.Debug|Any CPU.Build.0 = Debug|Any CPU
		{D131D1AA-09A6-4CCA-ADBB-BDDEBFA6439E}.Release|Any CPU.ActiveCfg = Release|Any CPU
		{D131D1AA-09A6-4CCA-ADBB-BDDEBFA6439E}.Release|Any CPU.Build.0 = Release|Any CPU
	EndGlobalSection
	GlobalSection(SolutionProperties) = preSolution
		HideSolutionNode = FALSE
	EndGlobalSection
EndGlobal
